{
  "originHash" : "c4a4a6f6c0ef788856a0282bc4caff8559bc38f85a3819487c9acb38141e3bf7",
  "pins" : [
    {
      "identity" : "support-bubble-ios",
      "kind" : "remoteSourceControl",
      "location" : "https://github.com/AdamBCo/support-bubble-ios",
      "state" : {
        "branch" : "main",
        "revision" : "ecd30f938f4e6b116dd2386a176f88f5f8b01841"
      }
    }
  ],
  "version" : 3
}
