{
  "originHash" : "c4a4a6f6c0ef788856a0282bc4caff8559bc38f85a3819487c9acb38141e3bf7",
  "pins" : [
    {
      "identity" : "support-bubble-ios",
      "kind" : "remoteSourceControl",
      "location" : "https://github.com/AdamBCo/support-bubble-ios",
      "state" : {
        "branch" : "main",
        "revision" : "d144cb31f7dfcd0057216007d544e1a1c5a1f48e"
      }
    }
  ],
  "version" : 3
}
